// !$*UTF8*$!
{
	archiveVersion = 1;
	classes = {
	};
	objectVersion = 56;
	objects = {

/* Begin PBXBuildFile section */
		0AECEFFF78EF00413E79A2D9 /* Pods_IonixTest.framework in Frameworks */ = {isa = PBXBuildFile; fileRef = 83743FEF0A41C4715503509C /* Pods_IonixTest.framework */; };
		7C1E2508936B909635D3B6FD /* Pods_IonixTest_IonixTestUITests.framework in Frameworks */ = {isa = PBXBuildFile; fileRef = B4A381D28EE4B38240B89861 /* Pods_IonixTest_IonixTestUITests.framework */; };
		8C86D3B429672A9800121DB0 /* AppDelegate.swift in Sources */ = {isa = PBXBuildFile; fileRef = 8C86D3B329672A9800121DB0 /* AppDelegate.swift */; };
		8C86D3B629672A9800121DB0 /* SceneDelegate.swift in Sources */ = {isa = PBXBuildFile; fileRef = 8C86D3B529672A9800121DB0 /* SceneDelegate.swift */; };
		8C86D3B829672A9800121DB0 /* ViewController.swift in Sources */ = {isa = PBXBuildFile; fileRef = 8C86D3B729672A9800121DB0 /* ViewController.swift */; };
		8C86D3BD29672A9900121DB0 /* Assets.xcassets in Resources */ = {isa = PBXBuildFile; fileRef = 8C86D3BC29672A9900121DB0 /* Assets.xcassets */; };
		8C86D3C029672A9900121DB0 /* LaunchScreen.storyboard in Resources */ = {isa = PBXBuildFile; fileRef = 8C86D3BE29672A9900121DB0 /* LaunchScreen.storyboard */; };
		8C86D3CB29672A9900121DB0 /* IonixTestTests.swift in Sources */ = {isa = PBXBuildFile; fileRef = 8C86D3CA29672A9900121DB0 /* IonixTestTests.swift */; };
		8C86D3D529672A9A00121DB0 /* IonixTestUITests.swift in Sources */ = {isa = PBXBuildFile; fileRef = 8C86D3D429672A9A00121DB0 /* IonixTestUITests.swift */; };
		8C86D3D729672A9A00121DB0 /* IonixTestUITestsLaunchTests.swift in Sources */ = {isa = PBXBuildFile; fileRef = 8C86D3D629672A9A00121DB0 /* IonixTestUITestsLaunchTests.swift */; };
		8C86D3F329673C6300121DB0 /* UIButton+extension.swift in Sources */ = {isa = PBXBuildFile; fileRef = 8C86D3F229673C6300121DB0 /* UIButton+extension.swift */; };
		8C86D3F729673EFE00121DB0 /* PermissionCollectionViewCell.swift in Sources */ = {isa = PBXBuildFile; fileRef = 8C86D3F529673EFE00121DB0 /* PermissionCollectionViewCell.swift */; };
		8C86D3F829673EFE00121DB0 /* PermissionCollectionViewCell.xib in Resources */ = {isa = PBXBuildFile; fileRef = 8C86D3F629673EFE00121DB0 /* PermissionCollectionViewCell.xib */; };
		8C86D3FB2967453100121DB0 /* Permission.swift in Sources */ = {isa = PBXBuildFile; fileRef = 8C86D3FA2967453100121DB0 /* Permission.swift */; };
		8C86D40329676EBA00121DB0 /* PermissionsContract.swift in Sources */ = {isa = PBXBuildFile; fileRef = 8C86D3FE29676EBA00121DB0 /* PermissionsContract.swift */; };
		8C86D40429676EBA00121DB0 /* PermissionsPresenter.swift in Sources */ = {isa = PBXBuildFile; fileRef = 8C86D3FF29676EBA00121DB0 /* PermissionsPresenter.swift */; };
		8C86D40529676EBA00121DB0 /* PermissionsRouter.swift in Sources */ = {isa = PBXBuildFile; fileRef = 8C86D40029676EBA00121DB0 /* PermissionsRouter.swift */; };
		8C86D40629676EBA00121DB0 /* PermissionsViewController.swift in Sources */ = {isa = PBXBuildFile; fileRef = 8C86D40129676EBA00121DB0 /* PermissionsViewController.swift */; };
		8C86D40729676EBA00121DB0 /* PermissionsInteractor.swift in Sources */ = {isa = PBXBuildFile; fileRef = 8C86D40229676EBA00121DB0 /* PermissionsInteractor.swift */; };
		8C86D40929676ED300121DB0 /* PermissionsViewController.xib in Resources */ = {isa = PBXBuildFile; fileRef = 8C86D40829676ED300121DB0 /* PermissionsViewController.xib */; };
		8C86D4102967AC0200121DB0 /* HomeContract.swift in Sources */ = {isa = PBXBuildFile; fileRef = 8C86D40B2967AC0200121DB0 /* HomeContract.swift */; };
		8C86D4112967AC0200121DB0 /* HomePresenter.swift in Sources */ = {isa = PBXBuildFile; fileRef = 8C86D40C2967AC0200121DB0 /* HomePresenter.swift */; };
		8C86D4122967AC0200121DB0 /* HomeRouter.swift in Sources */ = {isa = PBXBuildFile; fileRef = 8C86D40D2967AC0200121DB0 /* HomeRouter.swift */; };
		8C86D4132967AC0200121DB0 /* HomeViewController.swift in Sources */ = {isa = PBXBuildFile; fileRef = 8C86D40E2967AC0200121DB0 /* HomeViewController.swift */; };
		8C86D4142967AC0200121DB0 /* HomeInteractor.swift in Sources */ = {isa = PBXBuildFile; fileRef = 8C86D40F2967AC0200121DB0 /* HomeInteractor.swift */; };
		8C86D4162967AC0F00121DB0 /* HomeViewController.xib in Resources */ = {isa = PBXBuildFile; fileRef = 8C86D4152967AC0F00121DB0 /* HomeViewController.xib */; };
		8C86D41B2967B26500121DB0 /* HomeTableViewCell.swift in Sources */ = {isa = PBXBuildFile; fileRef = 8C86D4192967B26500121DB0 /* HomeTableViewCell.swift */; };
		8C86D41C2967B26500121DB0 /* HomeTableViewCell.xib in Resources */ = {isa = PBXBuildFile; fileRef = 8C86D41A2967B26500121DB0 /* HomeTableViewCell.xib */; };
		8C86D4282967B77E00121DB0 /* Meme.swift in Sources */ = {isa = PBXBuildFile; fileRef = 8C86D4272967B77E00121DB0 /* Meme.swift */; };
		8C86D42B296861D800121DB0 /* NetworkManager.swift in Sources */ = {isa = PBXBuildFile; fileRef = 8C86D42A296861D800121DB0 /* NetworkManager.swift */; };
		8C86D42D29687D6800121DB0 /* APIRequest.swift in Sources */ = {isa = PBXBuildFile; fileRef = 8C86D42C29687D6800121DB0 /* APIRequest.swift */; };
		8C86D42F29687D8000121DB0 /* APIProtocol.swift in Sources */ = {isa = PBXBuildFile; fileRef = 8C86D42E29687D8000121DB0 /* APIProtocol.swift */; };
		8C86D43129687D9400121DB0 /* Endpoints.swift in Sources */ = {isa = PBXBuildFile; fileRef = 8C86D43029687D9400121DB0 /* Endpoints.swift */; };
		8C86D4332968AEB100121DB0 /* UIView+extension.swift in Sources */ = {isa = PBXBuildFile; fileRef = 8C86D4322968AEB100121DB0 /* UIView+extension.swift */; };
		8C86D4392968EBC200121DB0 /* LoaderTableViewCell.swift in Sources */ = {isa = PBXBuildFile; fileRef = 8C86D4372968EBC200121DB0 /* LoaderTableViewCell.swift */; };
		8C86D43A2968EBC200121DB0 /* LoaderTableViewCell.xib in Resources */ = {isa = PBXBuildFile; fileRef = 8C86D4382968EBC200121DB0 /* LoaderTableViewCell.xib */; };
		A953508163DA97FB8CA9BD60 /* Pods_IonixTestTests.framework in Frameworks */ = {isa = PBXBuildFile; fileRef = B2222A1C0229A9DB4028E167 /* Pods_IonixTestTests.framework */; };
/* End PBXBuildFile section */

/* Begin PBXContainerItemProxy section */
		8C86D3C729672A9900121DB0 /* PBXContainerItemProxy */ = {
			isa = PBXContainerItemProxy;
			containerPortal = 8C86D3A829672A9800121DB0 /* Project object */;
			proxyType = 1;
			remoteGlobalIDString = 8C86D3AF29672A9800121DB0;
			remoteInfo = IonixTest;
		};
		8C86D3D129672A9A00121DB0 /* PBXContainerItemProxy */ = {
			isa = PBXContainerItemProxy;
			containerPortal = 8C86D3A829672A9800121DB0 /* Project object */;
			proxyType = 1;
			remoteGlobalIDString = 8C86D3AF29672A9800121DB0;
			remoteInfo = IonixTest;
		};
/* End PBXContainerItemProxy section */

/* Begin PBXFileReference section */
		4BB26C6DEC6C8D56685EAEC4 /* Pods-IonixTest.debug.xcconfig */ = {isa = PBXFileReference; includeInIndex = 1; lastKnownFileType = text.xcconfig; name = "Pods-IonixTest.debug.xcconfig"; path = "Target Support Files/Pods-IonixTest/Pods-IonixTest.debug.xcconfig"; sourceTree = "<group>"; };
		612E48F5F696AFD465A73B5A /* Pods-IonixTest-IonixTestUITests.debug.xcconfig */ = {isa = PBXFileReference; includeInIndex = 1; lastKnownFileType = text.xcconfig; name = "Pods-IonixTest-IonixTestUITests.debug.xcconfig"; path = "Target Support Files/Pods-IonixTest-IonixTestUITests/Pods-IonixTest-IonixTestUITests.debug.xcconfig"; sourceTree = "<group>"; };
		70F344B5CAC0FCB289B01D57 /* Pods-IonixTestTests.release.xcconfig */ = {isa = PBXFileReference; includeInIndex = 1; lastKnownFileType = text.xcconfig; name = "Pods-IonixTestTests.release.xcconfig"; path = "Target Support Files/Pods-IonixTestTests/Pods-IonixTestTests.release.xcconfig"; sourceTree = "<group>"; };
		775169C9998D05A3FBD017E7 /* Pods-IonixTest.release.xcconfig */ = {isa = PBXFileReference; includeInIndex = 1; lastKnownFileType = text.xcconfig; name = "Pods-IonixTest.release.xcconfig"; path = "Target Support Files/Pods-IonixTest/Pods-IonixTest.release.xcconfig"; sourceTree = "<group>"; };
		83743FEF0A41C4715503509C /* Pods_IonixTest.framework */ = {isa = PBXFileReference; explicitFileType = wrapper.framework; includeInIndex = 0; path = Pods_IonixTest.framework; sourceTree = BUILT_PRODUCTS_DIR; };
		8C86D3B029672A9800121DB0 /* IonixTest.app */ = {isa = PBXFileReference; explicitFileType = wrapper.application; includeInIndex = 0; path = IonixTest.app; sourceTree = BUILT_PRODUCTS_DIR; };
		8C86D3B329672A9800121DB0 /* AppDelegate.swift */ = {isa = PBXFileReference; lastKnownFileType = sourcecode.swift; path = AppDelegate.swift; sourceTree = "<group>"; };
		8C86D3B529672A9800121DB0 /* SceneDelegate.swift */ = {isa = PBXFileReference; lastKnownFileType = sourcecode.swift; path = SceneDelegate.swift; sourceTree = "<group>"; };
		8C86D3B729672A9800121DB0 /* ViewController.swift */ = {isa = PBXFileReference; lastKnownFileType = sourcecode.swift; path = ViewController.swift; sourceTree = "<group>"; };
		8C86D3BC29672A9900121DB0 /* Assets.xcassets */ = {isa = PBXFileReference; lastKnownFileType = folder.assetcatalog; path = Assets.xcassets; sourceTree = "<group>"; };
		8C86D3BF29672A9900121DB0 /* Base */ = {isa = PBXFileReference; lastKnownFileType = file.storyboard; name = Base; path = Base.lproj/LaunchScreen.storyboard; sourceTree = "<group>"; };
		8C86D3C129672A9900121DB0 /* Info.plist */ = {isa = PBXFileReference; lastKnownFileType = text.plist.xml; path = Info.plist; sourceTree = "<group>"; };
		8C86D3C629672A9900121DB0 /* IonixTestTests.xctest */ = {isa = PBXFileReference; explicitFileType = wrapper.cfbundle; includeInIndex = 0; path = IonixTestTests.xctest; sourceTree = BUILT_PRODUCTS_DIR; };
		8C86D3CA29672A9900121DB0 /* IonixTestTests.swift */ = {isa = PBXFileReference; lastKnownFileType = sourcecode.swift; path = IonixTestTests.swift; sourceTree = "<group>"; };
		8C86D3D029672A9A00121DB0 /* IonixTestUITests.xctest */ = {isa = PBXFileReference; explicitFileType = wrapper.cfbundle; includeInIndex = 0; path = IonixTestUITests.xctest; sourceTree = BUILT_PRODUCTS_DIR; };
		8C86D3D429672A9A00121DB0 /* IonixTestUITests.swift */ = {isa = PBXFileReference; lastKnownFileType = sourcecode.swift; path = IonixTestUITests.swift; sourceTree = "<group>"; };
		8C86D3D629672A9A00121DB0 /* IonixTestUITestsLaunchTests.swift */ = {isa = PBXFileReference; lastKnownFileType = sourcecode.swift; path = IonixTestUITestsLaunchTests.swift; sourceTree = "<group>"; };
		8C86D3F229673C6300121DB0 /* UIButton+extension.swift */ = {isa = PBXFileReference; lastKnownFileType = sourcecode.swift; path = "UIButton+extension.swift"; sourceTree = "<group>"; };
		8C86D3F529673EFE00121DB0 /* PermissionCollectionViewCell.swift */ = {isa = PBXFileReference; lastKnownFileType = sourcecode.swift; path = PermissionCollectionViewCell.swift; sourceTree = "<group>"; };
		8C86D3F629673EFE00121DB0 /* PermissionCollectionViewCell.xib */ = {isa = PBXFileReference; lastKnownFileType = file.xib; path = PermissionCollectionViewCell.xib; sourceTree = "<group>"; };
		8C86D3FA2967453100121DB0 /* Permission.swift */ = {isa = PBXFileReference; lastKnownFileType = sourcecode.swift; path = Permission.swift; sourceTree = "<group>"; };
		8C86D3FE29676EBA00121DB0 /* PermissionsContract.swift */ = {isa = PBXFileReference; lastKnownFileType = sourcecode.swift; path = PermissionsContract.swift; sourceTree = "<group>"; };
		8C86D3FF29676EBA00121DB0 /* PermissionsPresenter.swift */ = {isa = PBXFileReference; lastKnownFileType = sourcecode.swift; path = PermissionsPresenter.swift; sourceTree = "<group>"; };
		8C86D40029676EBA00121DB0 /* PermissionsRouter.swift */ = {isa = PBXFileReference; lastKnownFileType = sourcecode.swift; path = PermissionsRouter.swift; sourceTree = "<group>"; };
		8C86D40129676EBA00121DB0 /* PermissionsViewController.swift */ = {isa = PBXFileReference; lastKnownFileType = sourcecode.swift; path = PermissionsViewController.swift; sourceTree = "<group>"; };
		8C86D40229676EBA00121DB0 /* PermissionsInteractor.swift */ = {isa = PBXFileReference; lastKnownFileType = sourcecode.swift; path = PermissionsInteractor.swift; sourceTree = "<group>"; };
		8C86D40829676ED300121DB0 /* PermissionsViewController.xib */ = {isa = PBXFileReference; lastKnownFileType = file.xib; path = PermissionsViewController.xib; sourceTree = "<group>"; };
		8C86D40B2967AC0200121DB0 /* HomeContract.swift */ = {isa = PBXFileReference; lastKnownFileType = sourcecode.swift; path = HomeContract.swift; sourceTree = "<group>"; };
		8C86D40C2967AC0200121DB0 /* HomePresenter.swift */ = {isa = PBXFileReference; lastKnownFileType = sourcecode.swift; path = HomePresenter.swift; sourceTree = "<group>"; };
		8C86D40D2967AC0200121DB0 /* HomeRouter.swift */ = {isa = PBXFileReference; lastKnownFileType = sourcecode.swift; path = HomeRouter.swift; sourceTree = "<group>"; };
		8C86D40E2967AC0200121DB0 /* HomeViewController.swift */ = {isa = PBXFileReference; lastKnownFileType = sourcecode.swift; path = HomeViewController.swift; sourceTree = "<group>"; };
		8C86D40F2967AC0200121DB0 /* HomeInteractor.swift */ = {isa = PBXFileReference; lastKnownFileType = sourcecode.swift; path = HomeInteractor.swift; sourceTree = "<group>"; };
		8C86D4152967AC0F00121DB0 /* HomeViewController.xib */ = {isa = PBXFileReference; lastKnownFileType = file.xib; path = HomeViewController.xib; sourceTree = "<group>"; };
		8C86D4192967B26500121DB0 /* HomeTableViewCell.swift */ = {isa = PBXFileReference; lastKnownFileType = sourcecode.swift; path = HomeTableViewCell.swift; sourceTree = "<group>"; };
		8C86D41A2967B26500121DB0 /* HomeTableViewCell.xib */ = {isa = PBXFileReference; lastKnownFileType = file.xib; path = HomeTableViewCell.xib; sourceTree = "<group>"; };
		8C86D4272967B77E00121DB0 /* Meme.swift */ = {isa = PBXFileReference; lastKnownFileType = sourcecode.swift; path = Meme.swift; sourceTree = "<group>"; };
		8C86D42A296861D800121DB0 /* NetworkManager.swift */ = {isa = PBXFileReference; lastKnownFileType = sourcecode.swift; path = NetworkManager.swift; sourceTree = "<group>"; };
		8C86D42C29687D6800121DB0 /* APIRequest.swift */ = {isa = PBXFileReference; lastKnownFileType = sourcecode.swift; path = APIRequest.swift; sourceTree = "<group>"; };
		8C86D42E29687D8000121DB0 /* APIProtocol.swift */ = {isa = PBXFileReference; lastKnownFileType = sourcecode.swift; path = APIProtocol.swift; sourceTree = "<group>"; };
		8C86D43029687D9400121DB0 /* Endpoints.swift */ = {isa = PBXFileReference; lastKnownFileType = sourcecode.swift; path = Endpoints.swift; sourceTree = "<group>"; };
		8C86D4322968AEB100121DB0 /* UIView+extension.swift */ = {isa = PBXFileReference; lastKnownFileType = sourcecode.swift; path = "UIView+extension.swift"; sourceTree = "<group>"; };
		8C86D4372968EBC200121DB0 /* LoaderTableViewCell.swift */ = {isa = PBXFileReference; lastKnownFileType = sourcecode.swift; path = LoaderTableViewCell.swift; sourceTree = "<group>"; };
		8C86D4382968EBC200121DB0 /* LoaderTableViewCell.xib */ = {isa = PBXFileReference; lastKnownFileType = file.xib; path = LoaderTableViewCell.xib; sourceTree = "<group>"; };
		B2222A1C0229A9DB4028E167 /* Pods_IonixTestTests.framework */ = {isa = PBXFileReference; explicitFileType = wrapper.framework; includeInIndex = 0; path = Pods_IonixTestTests.framework; sourceTree = BUILT_PRODUCTS_DIR; };
		B4A381D28EE4B38240B89861 /* Pods_IonixTest_IonixTestUITests.framework */ = {isa = PBXFileReference; explicitFileType = wrapper.framework; includeInIndex = 0; path = Pods_IonixTest_IonixTestUITests.framework; sourceTree = BUILT_PRODUCTS_DIR; };
		BDC8F9D572DDF6996910EFB9 /* Pods-IonixTest-IonixTestUITests.release.xcconfig */ = {isa = PBXFileReference; includeInIndex = 1; lastKnownFileType = text.xcconfig; name = "Pods-IonixTest-IonixTestUITests.release.xcconfig"; path = "Target Support Files/Pods-IonixTest-IonixTestUITests/Pods-IonixTest-IonixTestUITests.release.xcconfig"; sourceTree = "<group>"; };
		C627221D82595BFAAC709908 /* Pods-IonixTestTests.debug.xcconfig */ = {isa = PBXFileReference; includeInIndex = 1; lastKnownFileType = text.xcconfig; name = "Pods-IonixTestTests.debug.xcconfig"; path = "Target Support Files/Pods-IonixTestTests/Pods-IonixTestTests.debug.xcconfig"; sourceTree = "<group>"; };
/* End PBXFileReference section */

/* Begin PBXFrameworksBuildPhase section */
		8C86D3AD29672A9800121DB0 /* Frameworks */ = {
			isa = PBXFrameworksBuildPhase;
			buildActionMask = 2147483647;
			files = (
				0AECEFFF78EF00413E79A2D9 /* Pods_IonixTest.framework in Frameworks */,
			);
			runOnlyForDeploymentPostprocessing = 0;
		};
		8C86D3C329672A9900121DB0 /* Frameworks */ = {
			isa = PBXFrameworksBuildPhase;
			buildActionMask = 2147483647;
			files = (
				A953508163DA97FB8CA9BD60 /* Pods_IonixTestTests.framework in Frameworks */,
			);
			runOnlyForDeploymentPostprocessing = 0;
		};
		8C86D3CD29672A9A00121DB0 /* Frameworks */ = {
			isa = PBXFrameworksBuildPhase;
			buildActionMask = 2147483647;
			files = (
				7C1E2508936B909635D3B6FD /* Pods_IonixTest_IonixTestUITests.framework in Frameworks */,
			);
			runOnlyForDeploymentPostprocessing = 0;
		};
/* End PBXFrameworksBuildPhase section */

/* Begin PBXGroup section */
		2BE56DC236533956752EE73B /* Frameworks */ = {
			isa = PBXGroup;
			children = (
				83743FEF0A41C4715503509C /* Pods_IonixTest.framework */,
				B4A381D28EE4B38240B89861 /* Pods_IonixTest_IonixTestUITests.framework */,
				B2222A1C0229A9DB4028E167 /* Pods_IonixTestTests.framework */,
			);
			name = Frameworks;
			sourceTree = "<group>";
		};
		8C86D3A729672A9800121DB0 = {
			isa = PBXGroup;
			children = (
				8C86D3B229672A9800121DB0 /* IonixTest */,
				8C86D3C929672A9900121DB0 /* IonixTestTests */,
				8C86D3D329672A9A00121DB0 /* IonixTestUITests */,
				8C86D3B129672A9800121DB0 /* Products */,
				AE7FF648A65CCAB0A56A2DD9 /* Pods */,
				2BE56DC236533956752EE73B /* Frameworks */,
			);
			sourceTree = "<group>";
		};
		8C86D3B129672A9800121DB0 /* Products */ = {
			isa = PBXGroup;
			children = (
				8C86D3B029672A9800121DB0 /* IonixTest.app */,
				8C86D3C629672A9900121DB0 /* IonixTestTests.xctest */,
				8C86D3D029672A9A00121DB0 /* IonixTestUITests.xctest */,
			);
			name = Products;
			sourceTree = "<group>";
		};
		8C86D3B229672A9800121DB0 /* IonixTest */ = {
			isa = PBXGroup;
			children = (
				8C86D429296861C100121DB0 /* Network */,
				8C86D3F9296743F200121DB0 /* Models */,
				8C86D3F429673ED700121DB0 /* Cells */,
				8C86D3F129673C4800121DB0 /* Extensions */,
				8C86D3E329673B2A00121DB0 /* Modules */,
				8C86D3B329672A9800121DB0 /* AppDelegate.swift */,
				8C86D3B529672A9800121DB0 /* SceneDelegate.swift */,
				8C86D3B729672A9800121DB0 /* ViewController.swift */,
				8C86D3BC29672A9900121DB0 /* Assets.xcassets */,
				8C86D3BE29672A9900121DB0 /* LaunchScreen.storyboard */,
				8C86D3C129672A9900121DB0 /* Info.plist */,
			);
			path = IonixTest;
			sourceTree = "<group>";
		};
		8C86D3C929672A9900121DB0 /* IonixTestTests */ = {
			isa = PBXGroup;
			children = (
				8C86D3CA29672A9900121DB0 /* IonixTestTests.swift */,
			);
			path = IonixTestTests;
			sourceTree = "<group>";
		};
		8C86D3D329672A9A00121DB0 /* IonixTestUITests */ = {
			isa = PBXGroup;
			children = (
				8C86D3D429672A9A00121DB0 /* IonixTestUITests.swift */,
				8C86D3D629672A9A00121DB0 /* IonixTestUITestsLaunchTests.swift */,
			);
			path = IonixTestUITests;
			sourceTree = "<group>";
		};
		8C86D3E329673B2A00121DB0 /* Modules */ = {
			isa = PBXGroup;
			children = (
				8C86D40A2967ABF500121DB0 /* Home */,
				8C86D3FD29676EA900121DB0 /* Permissions */,
			);
			path = Modules;
			sourceTree = "<group>";
		};
		8C86D3F129673C4800121DB0 /* Extensions */ = {
			isa = PBXGroup;
			children = (
				8C86D3F229673C6300121DB0 /* UIButton+extension.swift */,
				8C86D4322968AEB100121DB0 /* UIView+extension.swift */,
			);
			path = Extensions;
			sourceTree = "<group>";
		};
		8C86D3F429673ED700121DB0 /* Cells */ = {
			isa = PBXGroup;
			children = (
				8C86D4342968EB9500121DB0 /* Loader */,
				8C86D4182967B25000121DB0 /* Home */,
				8C86D4172967B24200121DB0 /* Permission */,
			);
			path = Cells;
			sourceTree = "<group>";
		};
		8C86D3F9296743F200121DB0 /* Models */ = {
			isa = PBXGroup;
			children = (
				8C86D3FA2967453100121DB0 /* Permission.swift */,
				8C86D4272967B77E00121DB0 /* Meme.swift */,
			);
			path = Models;
			sourceTree = "<group>";
		};
		8C86D3FD29676EA900121DB0 /* Permissions */ = {
			isa = PBXGroup;
			children = (
				8C86D3FE29676EBA00121DB0 /* PermissionsContract.swift */,
				8C86D40229676EBA00121DB0 /* PermissionsInteractor.swift */,
				8C86D3FF29676EBA00121DB0 /* PermissionsPresenter.swift */,
				8C86D40029676EBA00121DB0 /* PermissionsRouter.swift */,
				8C86D40129676EBA00121DB0 /* PermissionsViewController.swift */,
				8C86D40829676ED300121DB0 /* PermissionsViewController.xib */,
			);
			path = Permissions;
			sourceTree = "<group>";
		};
		8C86D40A2967ABF500121DB0 /* Home */ = {
			isa = PBXGroup;
			children = (
				8C86D40B2967AC0200121DB0 /* HomeContract.swift */,
				8C86D40F2967AC0200121DB0 /* HomeInteractor.swift */,
				8C86D40C2967AC0200121DB0 /* HomePresenter.swift */,
				8C86D40D2967AC0200121DB0 /* HomeRouter.swift */,
				8C86D40E2967AC0200121DB0 /* HomeViewController.swift */,
				8C86D4152967AC0F00121DB0 /* HomeViewController.xib */,
			);
			path = Home;
			sourceTree = "<group>";
		};
		8C86D4172967B24200121DB0 /* Permission */ = {
			isa = PBXGroup;
			children = (
				8C86D3F529673EFE00121DB0 /* PermissionCollectionViewCell.swift */,
				8C86D3F629673EFE00121DB0 /* PermissionCollectionViewCell.xib */,
			);
			path = Permission;
			sourceTree = "<group>";
		};
		8C86D4182967B25000121DB0 /* Home */ = {
			isa = PBXGroup;
			children = (
				8C86D4192967B26500121DB0 /* HomeTableViewCell.swift */,
				8C86D41A2967B26500121DB0 /* HomeTableViewCell.xib */,
			);
			path = Home;
			sourceTree = "<group>";
		};
		8C86D429296861C100121DB0 /* Network */ = {
			isa = PBXGroup;
			children = (
				8C86D42A296861D800121DB0 /* NetworkManager.swift */,
				8C86D42C29687D6800121DB0 /* APIRequest.swift */,
				8C86D42E29687D8000121DB0 /* APIProtocol.swift */,
				8C86D43029687D9400121DB0 /* Endpoints.swift */,
			);
			path = Network;
			sourceTree = "<group>";
		};
		8C86D4342968EB9500121DB0 /* Loader */ = {
			isa = PBXGroup;
			children = (
				8C86D4372968EBC200121DB0 /* LoaderTableViewCell.swift */,
				8C86D4382968EBC200121DB0 /* LoaderTableViewCell.xib */,
			);
			path = Loader;
			sourceTree = "<group>";
		};
		AE7FF648A65CCAB0A56A2DD9 /* Pods */ = {
			isa = PBXGroup;
			children = (
				4BB26C6DEC6C8D56685EAEC4 /* Pods-IonixTest.debug.xcconfig */,
				775169C9998D05A3FBD017E7 /* Pods-IonixTest.release.xcconfig */,
				612E48F5F696AFD465A73B5A /* Pods-IonixTest-IonixTestUITests.debug.xcconfig */,
				BDC8F9D572DDF6996910EFB9 /* Pods-IonixTest-IonixTestUITests.release.xcconfig */,
				C627221D82595BFAAC709908 /* Pods-IonixTestTests.debug.xcconfig */,
				70F344B5CAC0FCB289B01D57 /* Pods-IonixTestTests.release.xcconfig */,
			);
			path = Pods;
			sourceTree = "<group>";
		};
/* End PBXGroup section */

/* Begin PBXNativeTarget section */
		8C86D3AF29672A9800121DB0 /* IonixTest */ = {
			isa = PBXNativeTarget;
			buildConfigurationList = 8C86D3DA29672A9A00121DB0 /* Build configuration list for PBXNativeTarget "IonixTest" */;
			buildPhases = (
				C1D083CB130C82D8A1B4618A /* [CP] Check Pods Manifest.lock */,
				8C86D3AC29672A9800121DB0 /* Sources */,
				8C86D3AD29672A9800121DB0 /* Frameworks */,
				8C86D3AE29672A9800121DB0 /* Resources */,
				085888F30F29164BE173A886 /* [CP] Embed Pods Frameworks */,
			);
			buildRules = (
			);
			dependencies = (
			);
			name = IonixTest;
			productName = IonixTest;
			productReference = 8C86D3B029672A9800121DB0 /* IonixTest.app */;
			productType = "com.apple.product-type.application";
		};
		8C86D3C529672A9900121DB0 /* IonixTestTests */ = {
			isa = PBXNativeTarget;
			buildConfigurationList = 8C86D3DD29672A9A00121DB0 /* Build configuration list for PBXNativeTarget "IonixTestTests" */;
			buildPhases = (
				C25D41F9BBD8295ADBCA900F /* [CP] Check Pods Manifest.lock */,
				8C86D3C229672A9900121DB0 /* Sources */,
				8C86D3C329672A9900121DB0 /* Frameworks */,
				8C86D3C429672A9900121DB0 /* Resources */,
			);
			buildRules = (
			);
			dependencies = (
				8C86D3C829672A9900121DB0 /* PBXTargetDependency */,
			);
			name = IonixTestTests;
			productName = IonixTestTests;
			productReference = 8C86D3C629672A9900121DB0 /* IonixTestTests.xctest */;
			productType = "com.apple.product-type.bundle.unit-test";
		};
		8C86D3CF29672A9A00121DB0 /* IonixTestUITests */ = {
			isa = PBXNativeTarget;
			buildConfigurationList = 8C86D3E029672A9A00121DB0 /* Build configuration list for PBXNativeTarget "IonixTestUITests" */;
			buildPhases = (
				1CA4865701E0AFB5AB05888C /* [CP] Check Pods Manifest.lock */,
				8C86D3CC29672A9A00121DB0 /* Sources */,
				8C86D3CD29672A9A00121DB0 /* Frameworks */,
				8C86D3CE29672A9A00121DB0 /* Resources */,
				7DD153F26CA68B04F10D6FF1 /* [CP] Embed Pods Frameworks */,
			);
			buildRules = (
			);
			dependencies = (
				8C86D3D229672A9A00121DB0 /* PBXTargetDependency */,
			);
			name = IonixTestUITests;
			productName = IonixTestUITests;
			productReference = 8C86D3D029672A9A00121DB0 /* IonixTestUITests.xctest */;
			productType = "com.apple.product-type.bundle.ui-testing";
		};
/* End PBXNativeTarget section */

/* Begin PBXProject section */
		8C86D3A829672A9800121DB0 /* Project object */ = {
			isa = PBXProject;
			attributes = {
				BuildIndependentTargetsInParallel = 1;
				LastSwiftUpdateCheck = 1410;
				LastUpgradeCheck = 1410;
				TargetAttributes = {
					8C86D3AF29672A9800121DB0 = {
						CreatedOnToolsVersion = 14.1;
					};
					8C86D3C529672A9900121DB0 = {
						CreatedOnToolsVersion = 14.1;
						TestTargetID = 8C86D3AF29672A9800121DB0;
					};
					8C86D3CF29672A9A00121DB0 = {
						CreatedOnToolsVersion = 14.1;
						TestTargetID = 8C86D3AF29672A9800121DB0;
					};
				};
			};
			buildConfigurationList = 8C86D3AB29672A9800121DB0 /* Build configuration list for PBXProject "IonixTest" */;
			compatibilityVersion = "Xcode 14.0";
			developmentRegion = en;
			hasScannedForEncodings = 0;
			knownRegions = (
				en,
				Base,
			);
			mainGroup = 8C86D3A729672A9800121DB0;
			productRefGroup = 8C86D3B129672A9800121DB0 /* Products */;
			projectDirPath = "";
			projectRoot = "";
			targets = (
				8C86D3AF29672A9800121DB0 /* IonixTest */,
				8C86D3C529672A9900121DB0 /* IonixTestTests */,
				8C86D3CF29672A9A00121DB0 /* IonixTestUITests */,
			);
		};
/* End PBXProject section */

/* Begin PBXResourcesBuildPhase section */
		8C86D3AE29672A9800121DB0 /* Resources */ = {
			isa = PBXResourcesBuildPhase;
			buildActionMask = 2147483647;
			files = (
				8C86D3C029672A9900121DB0 /* LaunchScreen.storyboard in Resources */,
				8C86D40929676ED300121DB0 /* PermissionsViewController.xib in Resources */,
				8C86D43A2968EBC200121DB0 /* LoaderTableViewCell.xib in Resources */,
				8C86D4162967AC0F00121DB0 /* HomeViewController.xib in Resources */,
				8C86D3F829673EFE00121DB0 /* PermissionCollectionViewCell.xib in Resources */,
				8C86D41C2967B26500121DB0 /* HomeTableViewCell.xib in Resources */,
				8C86D3BD29672A9900121DB0 /* Assets.xcassets in Resources */,
			);
			runOnlyForDeploymentPostprocessing = 0;
		};
		8C86D3C429672A9900121DB0 /* Resources */ = {
			isa = PBXResourcesBuildPhase;
			buildActionMask = 2147483647;
			files = (
			);
			runOnlyForDeploymentPostprocessing = 0;
		};
		8C86D3CE29672A9A00121DB0 /* Resources */ = {
			isa = PBXResourcesBuildPhase;
			buildActionMask = 2147483647;
			files = (
			);
			runOnlyForDeploymentPostprocessing = 0;
		};
/* End PBXResourcesBuildPhase section */

/* Begin PBXShellScriptBuildPhase section */
		085888F30F29164BE173A886 /* [CP] Embed Pods Frameworks */ = {
			isa = PBXShellScriptBuildPhase;
			buildActionMask = 2147483647;
			files = (
			);
			inputFileListPaths = (
				"${PODS_ROOT}/Target Support Files/Pods-IonixTest/Pods-IonixTest-frameworks-${CONFIGURATION}-input-files.xcfilelist",
			);
			name = "[CP] Embed Pods Frameworks";
			outputFileListPaths = (
				"${PODS_ROOT}/Target Support Files/Pods-IonixTest/Pods-IonixTest-frameworks-${CONFIGURATION}-output-files.xcfilelist",
			);
			runOnlyForDeploymentPostprocessing = 0;
			shellPath = /bin/sh;
			shellScript = "\"${PODS_ROOT}/Target Support Files/Pods-IonixTest/Pods-IonixTest-frameworks.sh\"\n";
			showEnvVarsInLog = 0;
		};
		1CA4865701E0AFB5AB05888C /* [CP] Check Pods Manifest.lock */ = {
			isa = PBXShellScriptBuildPhase;
			buildActionMask = 2147483647;
			files = (
			);
			inputFileListPaths = (
			);
			inputPaths = (
				"${PODS_PODFILE_DIR_PATH}/Podfile.lock",
				"${PODS_ROOT}/Manifest.lock",
			);
			name = "[CP] Check Pods Manifest.lock";
			outputFileListPaths = (
			);
			outputPaths = (
				"$(DERIVED_FILE_DIR)/Pods-IonixTest-IonixTestUITests-checkManifestLockResult.txt",
			);
			runOnlyForDeploymentPostprocessing = 0;
			shellPath = /bin/sh;
			shellScript = "diff \"${PODS_PODFILE_DIR_PATH}/Podfile.lock\" \"${PODS_ROOT}/Manifest.lock\" > /dev/null\nif [ $? != 0 ] ; then\n    # print error to STDERR\n    echo \"error: The sandbox is not in sync with the Podfile.lock. Run 'pod install' or update your CocoaPods installation.\" >&2\n    exit 1\nfi\n# This output is used by Xcode 'outputs' to avoid re-running this script phase.\necho \"SUCCESS\" > \"${SCRIPT_OUTPUT_FILE_0}\"\n";
			showEnvVarsInLog = 0;
		};
		7DD153F26CA68B04F10D6FF1 /* [CP] Embed Pods Frameworks */ = {
			isa = PBXShellScriptBuildPhase;
			buildActionMask = 2147483647;
			files = (
			);
			inputFileListPaths = (
				"${PODS_ROOT}/Target Support Files/Pods-IonixTest-IonixTestUITests/Pods-IonixTest-IonixTestUITests-frameworks-${CONFIGURATION}-input-files.xcfilelist",
			);
			name = "[CP] Embed Pods Frameworks";
			outputFileListPaths = (
				"${PODS_ROOT}/Target Support Files/Pods-IonixTest-IonixTestUITests/Pods-IonixTest-IonixTestUITests-frameworks-${CONFIGURATION}-output-files.xcfilelist",
			);
			runOnlyForDeploymentPostprocessing = 0;
			shellPath = /bin/sh;
			shellScript = "\"${PODS_ROOT}/Target Support Files/Pods-IonixTest-IonixTestUITests/Pods-IonixTest-IonixTestUITests-frameworks.sh\"\n";
			showEnvVarsInLog = 0;
		};
		C1D083CB130C82D8A1B4618A /* [CP] Check Pods Manifest.lock */ = {
			isa = PBXShellScriptBuildPhase;
			buildActionMask = 2147483647;
			files = (
			);
			inputFileListPaths = (
			);
			inputPaths = (
				"${PODS_PODFILE_DIR_PATH}/Podfile.lock",
				"${PODS_ROOT}/Manifest.lock",
			);
			name = "[CP] Check Pods Manifest.lock";
			outputFileListPaths = (
			);
			outputPaths = (
				"$(DERIVED_FILE_DIR)/Pods-IonixTest-checkManifestLockResult.txt",
			);
			runOnlyForDeploymentPostprocessing = 0;
			shellPath = /bin/sh;
			shellScript = "diff \"${PODS_PODFILE_DIR_PATH}/Podfile.lock\" \"${PODS_ROOT}/Manifest.lock\" > /dev/null\nif [ $? != 0 ] ; then\n    # print error to STDERR\n    echo \"error: The sandbox is not in sync with the Podfile.lock. Run 'pod install' or update your CocoaPods installation.\" >&2\n    exit 1\nfi\n# This output is used by Xcode 'outputs' to avoid re-running this script phase.\necho \"SUCCESS\" > \"${SCRIPT_OUTPUT_FILE_0}\"\n";
			showEnvVarsInLog = 0;
		};
		C25D41F9BBD8295ADBCA900F /* [CP] Check Pods Manifest.lock */ = {
			isa = PBXShellScriptBuildPhase;
			buildActionMask = 2147483647;
			files = (
			);
			inputFileListPaths = (
			);
			inputPaths = (
				"${PODS_PODFILE_DIR_PATH}/Podfile.lock",
				"${PODS_ROOT}/Manifest.lock",
			);
			name = "[CP] Check Pods Manifest.lock";
			outputFileListPaths = (
			);
			outputPaths = (
				"$(DERIVED_FILE_DIR)/Pods-IonixTestTests-checkManifestLockResult.txt",
			);
			runOnlyForDeploymentPostprocessing = 0;
			shellPath = /bin/sh;
			shellScript = "diff \"${PODS_PODFILE_DIR_PATH}/Podfile.lock\" \"${PODS_ROOT}/Manifest.lock\" > /dev/null\nif [ $? != 0 ] ; then\n    # print error to STDERR\n    echo \"error: The sandbox is not in sync with the Podfile.lock. Run 'pod install' or update your CocoaPods installation.\" >&2\n    exit 1\nfi\n# This output is used by Xcode 'outputs' to avoid re-running this script phase.\necho \"SUCCESS\" > \"${SCRIPT_OUTPUT_FILE_0}\"\n";
			showEnvVarsInLog = 0;
		};
/* End PBXShellScriptBuildPhase section */

/* Begin PBXSourcesBuildPhase section */
		8C86D3AC29672A9800121DB0 /* Sources */ = {
			isa = PBXSourcesBuildPhase;
			buildActionMask = 2147483647;
			files = (
				8C86D42B296861D800121DB0 /* NetworkManager.swift in Sources */,
				8C86D42F29687D8000121DB0 /* APIProtocol.swift in Sources */,
				8C86D4332968AEB100121DB0 /* UIView+extension.swift in Sources */,
				8C86D4102967AC0200121DB0 /* HomeContract.swift in Sources */,
				8C86D3B829672A9800121DB0 /* ViewController.swift in Sources */,
				8C86D40429676EBA00121DB0 /* PermissionsPresenter.swift in Sources */,
				8C86D4392968EBC200121DB0 /* LoaderTableViewCell.swift in Sources */,
				8C86D4142967AC0200121DB0 /* HomeInteractor.swift in Sources */,
				8C86D40329676EBA00121DB0 /* PermissionsContract.swift in Sources */,
				8C86D3F729673EFE00121DB0 /* PermissionCollectionViewCell.swift in Sources */,
				8C86D4132967AC0200121DB0 /* HomeViewController.swift in Sources */,
				8C86D3B429672A9800121DB0 /* AppDelegate.swift in Sources */,
				8C86D43129687D9400121DB0 /* Endpoints.swift in Sources */,
				8C86D40629676EBA00121DB0 /* PermissionsViewController.swift in Sources */,
				8C86D40529676EBA00121DB0 /* PermissionsRouter.swift in Sources */,
				8C86D40729676EBA00121DB0 /* PermissionsInteractor.swift in Sources */,
				8C86D4122967AC0200121DB0 /* HomeRouter.swift in Sources */,
				8C86D4112967AC0200121DB0 /* HomePresenter.swift in Sources */,
				8C86D3B629672A9800121DB0 /* SceneDelegate.swift in Sources */,
				8C86D3F329673C6300121DB0 /* UIButton+extension.swift in Sources */,
				8C86D4282967B77E00121DB0 /* Meme.swift in Sources */,
				8C86D41B2967B26500121DB0 /* HomeTableViewCell.swift in Sources */,
				8C86D42D29687D6800121DB0 /* APIRequest.swift in Sources */,
				8C86D3FB2967453100121DB0 /* Permission.swift in Sources */,
			);
			runOnlyForDeploymentPostprocessing = 0;
		};
		8C86D3C229672A9900121DB0 /* Sources */ = {
			isa = PBXSourcesBuildPhase;
			buildActionMask = 2147483647;
			files = (
				8C86D3CB29672A9900121DB0 /* IonixTestTests.swift in Sources */,
			);
			runOnlyForDeploymentPostprocessing = 0;
		};
		8C86D3CC29672A9A00121DB0 /* Sources */ = {
			isa = PBXSourcesBuildPhase;
			buildActionMask = 2147483647;
			files = (
				8C86D3D729672A9A00121DB0 /* IonixTestUITestsLaunchTests.swift in Sources */,
				8C86D3D529672A9A00121DB0 /* IonixTestUITests.swift in Sources */,
			);
			runOnlyForDeploymentPostprocessing = 0;
		};
/* End PBXSourcesBuildPhase section */

/* Begin PBXTargetDependency section */
		8C86D3C829672A9900121DB0 /* PBXTargetDependency */ = {
			isa = PBXTargetDependency;
			target = 8C86D3AF29672A9800121DB0 /* IonixTest */;
			targetProxy = 8C86D3C729672A9900121DB0 /* PBXContainerItemProxy */;
		};
		8C86D3D229672A9A00121DB0 /* PBXTargetDependency */ = {
			isa = PBXTargetDependency;
			target = 8C86D3AF29672A9800121DB0 /* IonixTest */;
			targetProxy = 8C86D3D129672A9A00121DB0 /* PBXContainerItemProxy */;
		};
/* End PBXTargetDependency section */

/* Begin PBXVariantGroup section */
		8C86D3BE29672A9900121DB0 /* LaunchScreen.storyboard */ = {
			isa = PBXVariantGroup;
			children = (
				8C86D3BF29672A9900121DB0 /* Base */,
			);
			name = LaunchScreen.storyboard;
			sourceTree = "<group>";
		};
/* End PBXVariantGroup section */

/* Begin XCBuildConfiguration section */
		8C86D3D829672A9A00121DB0 /* Debug */ = {
			isa = XCBuildConfiguration;
			buildSettings = {
				ALWAYS_SEARCH_USER_PATHS = NO;
				CLANG_ANALYZER_NONNULL = YES;
				CLANG_ANALYZER_NUMBER_OBJECT_CONVERSION = YES_AGGRESSIVE;
				CLANG_CXX_LANGUAGE_STANDARD = "gnu++20";
				CLANG_ENABLE_MODULES = YES;
				CLANG_ENABLE_OBJC_ARC = YES;
				CLANG_ENABLE_OBJC_WEAK = YES;
				CLANG_WARN_BLOCK_CAPTURE_AUTORELEASING = YES;
				CLANG_WARN_BOOL_CONVERSION = YES;
				CLANG_WARN_COMMA = YES;
				CLANG_WARN_CONSTANT_CONVERSION = YES;
				CLANG_WARN_DEPRECATED_OBJC_IMPLEMENTATIONS = YES;
				CLANG_WARN_DIRECT_OBJC_ISA_USAGE = YES_ERROR;
				CLANG_WARN_DOCUMENTATION_COMMENTS = YES;
				CLANG_WARN_EMPTY_BODY = YES;
				CLANG_WARN_ENUM_CONVERSION = YES;
				CLANG_WARN_INFINITE_RECURSION = YES;
				CLANG_WARN_INT_CONVERSION = YES;
				CLANG_WARN_NON_LITERAL_NULL_CONVERSION = YES;
				CLANG_WARN_OBJC_IMPLICIT_RETAIN_SELF = YES;
				CLANG_WARN_OBJC_LITERAL_CONVERSION = YES;
				CLANG_WARN_OBJC_ROOT_CLASS = YES_ERROR;
				CLANG_WARN_QUOTED_INCLUDE_IN_FRAMEWORK_HEADER = YES;
				CLANG_WARN_RANGE_LOOP_ANALYSIS = YES;
				CLANG_WARN_STRICT_PROTOTYPES = YES;
				CLANG_WARN_SUSPICIOUS_MOVE = YES;
				CLANG_WARN_UNGUARDED_AVAILABILITY = YES_AGGRESSIVE;
				CLANG_WARN_UNREACHABLE_CODE = YES;
				CLANG_WARN__DUPLICATE_METHOD_MATCH = YES;
				COPY_PHASE_STRIP = NO;
				DEBUG_INFORMATION_FORMAT = dwarf;
				ENABLE_STRICT_OBJC_MSGSEND = YES;
				ENABLE_TESTABILITY = YES;
				GCC_C_LANGUAGE_STANDARD = gnu11;
				GCC_DYNAMIC_NO_PIC = NO;
				GCC_NO_COMMON_BLOCKS = YES;
				GCC_OPTIMIZATION_LEVEL = 0;
				GCC_PREPROCESSOR_DEFINITIONS = (
					"DEBUG=1",
					"$(inherited)",
				);
				GCC_WARN_64_TO_32_BIT_CONVERSION = YES;
				GCC_WARN_ABOUT_RETURN_TYPE = YES_ERROR;
				GCC_WARN_UNDECLARED_SELECTOR = YES;
				GCC_WARN_UNINITIALIZED_AUTOS = YES_AGGRESSIVE;
				GCC_WARN_UNUSED_FUNCTION = YES;
				GCC_WARN_UNUSED_VARIABLE = YES;
				IPHONEOS_DEPLOYMENT_TARGET = 16.1;
				MTL_ENABLE_DEBUG_INFO = INCLUDE_SOURCE;
				MTL_FAST_MATH = YES;
				ONLY_ACTIVE_ARCH = YES;
				SDKROOT = iphoneos;
				SWIFT_ACTIVE_COMPILATION_CONDITIONS = DEBUG;
				SWIFT_OPTIMIZATION_LEVEL = "-Onone";
			};
			name = Debug;
		};
		8C86D3D929672A9A00121DB0 /* Release */ = {
			isa = XCBuildConfiguration;
			buildSettings = {
				ALWAYS_SEARCH_USER_PATHS = NO;
				CLANG_ANALYZER_NONNULL = YES;
				CLANG_ANALYZER_NUMBER_OBJECT_CONVERSION = YES_AGGRESSIVE;
				CLANG_CXX_LANGUAGE_STANDARD = "gnu++20";
				CLANG_ENABLE_MODULES = YES;
				CLANG_ENABLE_OBJC_ARC = YES;
				CLANG_ENABLE_OBJC_WEAK = YES;
				CLANG_WARN_BLOCK_CAPTURE_AUTORELEASING = YES;
				CLANG_WARN_BOOL_CONVERSION = YES;
				CLANG_WARN_COMMA = YES;
				CLANG_WARN_CONSTANT_CONVERSION = YES;
				CLANG_WARN_DEPRECATED_OBJC_IMPLEMENTATIONS = YES;
				CLANG_WARN_DIRECT_OBJC_ISA_USAGE = YES_ERROR;
				CLANG_WARN_DOCUMENTATION_COMMENTS = YES;
				CLANG_WARN_EMPTY_BODY = YES;
				CLANG_WARN_ENUM_CONVERSION = YES;
				CLANG_WARN_INFINITE_RECURSION = YES;
				CLANG_WARN_INT_CONVERSION = YES;
				CLANG_WARN_NON_LITERAL_NULL_CONVERSION = YES;
				CLANG_WARN_OBJC_IMPLICIT_RETAIN_SELF = YES;
				CLANG_WARN_OBJC_LITERAL_CONVERSION = YES;
				CLANG_WARN_OBJC_ROOT_CLASS = YES_ERROR;
				CLANG_WARN_QUOTED_INCLUDE_IN_FRAMEWORK_HEADER = YES;
				CLANG_WARN_RANGE_LOOP_ANALYSIS = YES;
				CLANG_WARN_STRICT_PROTOTYPES = YES;
				CLANG_WARN_SUSPICIOUS_MOVE = YES;
				CLANG_WARN_UNGUARDED_AVAILABILITY = YES_AGGRESSIVE;
				CLANG_WARN_UNREACHABLE_CODE = YES;
				CLANG_WARN__DUPLICATE_METHOD_MATCH = YES;
				COPY_PHASE_STRIP = NO;
				DEBUG_INFORMATION_FORMAT = "dwarf-with-dsym";
				ENABLE_NS_ASSERTIONS = NO;
				ENABLE_STRICT_OBJC_MSGSEND = YES;
				GCC_C_LANGUAGE_STANDARD = gnu11;
				GCC_NO_COMMON_BLOCKS = YES;
				GCC_WARN_64_TO_32_BIT_CONVERSION = YES;
				GCC_WARN_ABOUT_RETURN_TYPE = YES_ERROR;
				GCC_WARN_UNDECLARED_SELECTOR = YES;
				GCC_WARN_UNINITIALIZED_AUTOS = YES_AGGRESSIVE;
				GCC_WARN_UNUSED_FUNCTION = YES;
				GCC_WARN_UNUSED_VARIABLE = YES;
				IPHONEOS_DEPLOYMENT_TARGET = 16.1;
				MTL_ENABLE_DEBUG_INFO = NO;
				MTL_FAST_MATH = YES;
				SDKROOT = iphoneos;
				SWIFT_COMPILATION_MODE = wholemodule;
				SWIFT_OPTIMIZATION_LEVEL = "-O";
				VALIDATE_PRODUCT = YES;
			};
			name = Release;
		};
		8C86D3DB29672A9A00121DB0 /* Debug */ = {
			isa = XCBuildConfiguration;
			baseConfigurationReference = 4BB26C6DEC6C8D56685EAEC4 /* Pods-IonixTest.debug.xcconfig */;
			buildSettings = {
				ASSETCATALOG_COMPILER_APPICON_NAME = AppIcon;
				ASSETCATALOG_COMPILER_GLOBAL_ACCENT_COLOR_NAME = AccentColor;
				CODE_SIGN_STYLE = Automatic;
				CURRENT_PROJECT_VERSION = 1;
				DEVELOPMENT_TEAM = RLZT4VXZ82;
				GENERATE_INFOPLIST_FILE = YES;
				INFOPLIST_FILE = IonixTest/Info.plist;
				INFOPLIST_KEY_UIApplicationSupportsIndirectInputEvents = YES;
				INFOPLIST_KEY_UILaunchStoryboardName = LaunchScreen;
				INFOPLIST_KEY_UIStatusBarStyle = "";
				INFOPLIST_KEY_UISupportedInterfaceOrientations = UIInterfaceOrientationPortrait;
				LD_RUNPATH_SEARCH_PATHS = (
					"$(inherited)",
					"@executable_path/Frameworks",
				);
				MARKETING_VERSION = 1.0;
				PRODUCT_BUNDLE_IDENTIFIER = com.usabalza.IonixTest;
				PRODUCT_NAME = "$(TARGET_NAME)";
				SWIFT_EMIT_LOC_STRINGS = YES;
				SWIFT_VERSION = 5.0;
				TARGETED_DEVICE_FAMILY = "1,2";
			};
			name = Debug;
		};
		8C86D3DC29672A9A00121DB0 /* Release */ = {
			isa = XCBuildConfiguration;
			baseConfigurationReference = 775169C9998D05A3FBD017E7 /* Pods-IonixTest.release.xcconfig */;
			buildSettings = {
				ASSETCATALOG_COMPILER_APPICON_NAME = AppIcon;
				ASSETCATALOG_COMPILER_GLOBAL_ACCENT_COLOR_NAME = AccentColor;
				CODE_SIGN_STYLE = Automatic;
				CURRENT_PROJECT_VERSION = 1;
				DEVELOPMENT_TEAM = RLZT4VXZ82;
				GENERATE_INFOPLIST_FILE = YES;
				INFOPLIST_FILE = IonixTest/Info.plist;
				INFOPLIST_KEY_UIApplicationSupportsIndirectInputEvents = YES;
				INFOPLIST_KEY_UILaunchStoryboardName = LaunchScreen;
				INFOPLIST_KEY_UIStatusBarStyle = "";
				INFOPLIST_KEY_UISupportedInterfaceOrientations = UIInterfaceOrientationPortrait;
				LD_RUNPATH_SEARCH_PATHS = (
					"$(inherited)",
					"@executable_path/Frameworks",
				);
				MARKETING_VERSION = 1.0;
				PRODUCT_BUNDLE_IDENTIFIER = com.usabalza.IonixTest;
				PRODUCT_NAME = "$(TARGET_NAME)";
				SWIFT_EMIT_LOC_STRINGS = YES;
				SWIFT_VERSION = 5.0;
				TARGETED_DEVICE_FAMILY = "1,2";
			};
			name = Release;
		};
		8C86D3DE29672A9A00121DB0 /* Debug */ = {
			isa = XCBuildConfiguration;
			baseConfigurationReference = C627221D82595BFAAC709908 /* Pods-IonixTestTests.debug.xcconfig */;
			buildSettings = {
				ALWAYS_EMBED_SWIFT_STANDARD_LIBRARIES = YES;
				BUNDLE_LOADER = "$(TEST_HOST)";
				CODE_SIGN_STYLE = Automatic;
				CURRENT_PROJECT_VERSION = 1;
				DEVELOPMENT_TEAM = RLZT4VXZ82;
				GENERATE_INFOPLIST_FILE = YES;
				IPHONEOS_DEPLOYMENT_TARGET = 16.1;
				MARKETING_VERSION = 1.0;
				PRODUCT_BUNDLE_IDENTIFIER = com.usabalza.IonixTestTests;
				PRODUCT_NAME = "$(TARGET_NAME)";
				SWIFT_EMIT_LOC_STRINGS = NO;
				SWIFT_VERSION = 5.0;
				TARGETED_DEVICE_FAMILY = "1,2";
				TEST_HOST = "$(BUILT_PRODUCTS_DIR)/IonixTest.app/$(BUNDLE_EXECUTABLE_FOLDER_PATH)/IonixTest";
			};
			name = Debug;
		};
		8C86D3DF29672A9A00121DB0 /* Release */ = {
			isa = XCBuildConfiguration;
			baseConfigurationReference = 70F344B5CAC0FCB289B01D57 /* Pods-IonixTestTests.release.xcconfig */;
			buildSettings = {
				ALWAYS_EMBED_SWIFT_STANDARD_LIBRARIES = YES;
				BUNDLE_LOADER = "$(TEST_HOST)";
				CODE_SIGN_STYLE = Automatic;
				CURRENT_PROJECT_VERSION = 1;
				DEVELOPMENT_TEAM = RLZT4VXZ82;
				GENERATE_INFOPLIST_FILE = YES;
				IPHONEOS_DEPLOYMENT_TARGET = 16.1;
				MARKETING_VERSION = 1.0;
				PRODUCT_BUNDLE_IDENTIFIER = com.usabalza.IonixTestTests;
				PRODUCT_NAME = "$(TARGET_NAME)";
				SWIFT_EMIT_LOC_STRINGS = NO;
				SWIFT_VERSION = 5.0;
				TARGETED_DEVICE_FAMILY = "1,2";
				TEST_HOST = "$(BUILT_PRODUCTS_DIR)/IonixTest.app/$(BUNDLE_EXECUTABLE_FOLDER_PATH)/IonixTest";
			};
			name = Release;
		};
		8C86D3E129672A9A00121DB0 /* Debug */ = {
			isa = XCBuildConfiguration;
			baseConfigurationReference = 612E48F5F696AFD465A73B5A /* Pods-IonixTest-IonixTestUITests.debug.xcconfig */;
			buildSettings = {
				ALWAYS_EMBED_SWIFT_STANDARD_LIBRARIES = YES;
				CODE_SIGN_STYLE = Automatic;
				CURRENT_PROJECT_VERSION = 1;
				DEVELOPMENT_TEAM = RLZT4VXZ82;
				GENERATE_INFOPLIST_FILE = YES;
				MARKETING_VERSION = 1.0;
				PRODUCT_BUNDLE_IDENTIFIER = com.usabalza.IonixTestUITests;
				PRODUCT_NAME = "$(TARGET_NAME)";
				SWIFT_EMIT_LOC_STRINGS = NO;
				SWIFT_VERSION = 5.0;
				TARGETED_DEVICE_FAMILY = "1,2";
				TEST_TARGET_NAME = IonixTest;
			};
			name = Debug;
		};
		8C86D3E229672A9A00121DB0 /* Release */ = {
			isa = XCBuildConfiguration;
			baseConfigurationReference = BDC8F9D572DDF6996910EFB9 /* Pods-IonixTest-IonixTestUITests.release.xcconfig */;
			buildSettings = {
				ALWAYS_EMBED_SWIFT_STANDARD_LIBRARIES = YES;
				CODE_SIGN_STYLE = Automatic;
				CURRENT_PROJECT_VERSION = 1;
				DEVELOPMENT_TEAM = RLZT4VXZ82;
				GENERATE_INFOPLIST_FILE = YES;
				MARKETING_VERSION = 1.0;
				PRODUCT_BUNDLE_IDENTIFIER = com.usabalza.IonixTestUITests;
				PRODUCT_NAME = "$(TARGET_NAME)";
				SWIFT_EMIT_LOC_STRINGS = NO;
				SWIFT_VERSION = 5.0;
				TARGETED_DEVICE_FAMILY = "1,2";
				TEST_TARGET_NAME = IonixTest;
			};
			name = Release;
		};
/* End XCBuildConfiguration section */

/* Begin XCConfigurationList section */
		8C86D3AB29672A9800121DB0 /* Build configuration list for PBXProject "IonixTest" */ = {
			isa = XCConfigurationList;
			buildConfigurations = (
				8C86D3D829672A9A00121DB0 /* Debug */,
				8C86D3D929672A9A00121DB0 /* Release */,
			);
			defaultConfigurationIsVisible = 0;
			defaultConfigurationName = Release;
		};
		8C86D3DA29672A9A00121DB0 /* Build configuration list for PBXNativeTarget "IonixTest" */ = {
			isa = XCConfigurationList;
			buildConfigurations = (
				8C86D3DB29672A9A00121DB0 /* Debug */,
				8C86D3DC29672A9A00121DB0 /* Release */,
			);
			defaultConfigurationIsVisible = 0;
			defaultConfigurationName = Release;
		};
		8C86D3DD29672A9A00121DB0 /* Build configuration list for PBXNativeTarget "IonixTestTests" */ = {
			isa = XCConfigurationList;
			buildConfigurations = (
				8C86D3DE29672A9A00121DB0 /* Debug */,
				8C86D3DF29672A9A00121DB0 /* Release */,
			);
			defaultConfigurationIsVisible = 0;
			defaultConfigurationName = Release;
		};
		8C86D3E029672A9A00121DB0 /* Build configuration list for PBXNativeTarget "IonixTestUITests" */ = {
			isa = XCConfigurationList;
			buildConfigurations = (
				8C86D3E129672A9A00121DB0 /* Debug */,
				8C86D3E229672A9A00121DB0 /* Release */,
			);
			defaultConfigurationIsVisible = 0;
			defaultConfigurationName = Release;
		};
/* End XCConfigurationList section */
	};
	rootObject = 8C86D3A829672A9800121DB0 /* Project object */;
}
